// !$*UTF8*$!
{
	archiveVersion = 1;
	classes = {
	};
	objectVersion = 56;
	objects = {

/* Begin PBXBuildFile section */
		61A0C2152B2FEC2300B02EE2 /* Poppins-BoldItalic.ttf in Resources */ = {isa = PBXBuildFile; fileRef = 61A0C20F2B2FEC2200B02EE2 /* Poppins-BoldItalic.ttf */; };
		61A0C2162B2FEC2300B02EE2 /* Poppins-Bold.ttf in Resources */ = {isa = PBXBuildFile; fileRef = 61A0C2102B2FEC2200B02EE2 /* Poppins-Bold.ttf */; };
		61A0C2172B2FEC2300B02EE2 /* Poppins-Regular.ttf in Resources */ = {isa = PBXBuildFile; fileRef = 61A0C2112B2FEC2200B02EE2 /* Poppins-Regular.ttf */; };
		61A0C2182B2FEC2300B02EE2 /* Poppins-RegularItalic.ttf in Resources */ = {isa = PBXBuildFile; fileRef = 61A0C2122B2FEC2200B02EE2 /* Poppins-RegularItalic.ttf */; };
		61A0C2192B2FEC2300B02EE2 /* Poppins-SemiBold.ttf in Resources */ = {isa = PBXBuildFile; fileRef = 61A0C2132B2FEC2200B02EE2 /* Poppins-SemiBold.ttf */; };
		61A0C21A2B2FEC2300B02EE2 /* Poppins-SemiBoldItalic.ttf in Resources */ = {isa = PBXBuildFile; fileRef = 61A0C2142B2FEC2200B02EE2 /* Poppins-SemiBoldItalic.ttf */; };
		61A2F0112B29B7DD0016527D /* AppDelegate.swift in Sources */ = {isa = PBXBuildFile; fileRef = 61A2F0102B29B7DD0016527D /* AppDelegate.swift */; };
		61A2F0152B29B7E00016527D /* Assets.xcassets in Resources */ = {isa = PBXBuildFile; fileRef = 61A2F0142B29B7E00016527D /* Assets.xcassets */; };
		61A753C52B2E743B00540242 /* OhKit.framework in Frameworks */ = {isa = PBXBuildFile; fileRef = 61A753C42B2E743B00540242 /* OhKit.framework */; };
		61A753C62B2E743B00540242 /* OhKit.framework in Embed Frameworks */ = {isa = PBXBuildFile; fileRef = 61A753C42B2E743B00540242 /* OhKit.framework */; settings = {ATTRIBUTES = (CodeSignOnCopy, RemoveHeadersOnCopy, ); }; };
		61A753EA2B2E768400540242 /* NetworkEngine.framework in Frameworks */ = {isa = PBXBuildFile; fileRef = 61A753E92B2E768400540242 /* NetworkEngine.framework */; };
		61A753EB2B2E768400540242 /* NetworkEngine.framework in Embed Frameworks */ = {isa = PBXBuildFile; fileRef = 61A753E92B2E768400540242 /* NetworkEngine.framework */; settings = {ATTRIBUTES = (CodeSignOnCopy, RemoveHeadersOnCopy, ); }; };
		61A8BB2F2B3E7251009433E5 /* BotLoggerViewController.swift in Sources */ = {isa = PBXBuildFile; fileRef = 61A8BB2E2B3E7251009433E5 /* BotLoggerViewController.swift */; };
		61A8BB382B3EC58F009433E5 /* BotMessageModel.swift in Sources */ = {isa = PBXBuildFile; fileRef = 61A8BB372B3EC58F009433E5 /* BotMessageModel.swift */; };
		61B92AFF2B4126A500987305 /* OrcaEngine.framework in Frameworks */ = {isa = PBXBuildFile; fileRef = 61B92AFE2B4126A500987305 /* OrcaEngine.framework */; };
		61B92B002B4126A500987305 /* OrcaEngine.framework in Embed Frameworks */ = {isa = PBXBuildFile; fileRef = 61B92AFE2B4126A500987305 /* OrcaEngine.framework */; settings = {ATTRIBUTES = (CodeSignOnCopy, RemoveHeadersOnCopy, ); }; };
		61F6130F2B2EAC8D009485A5 /* OpportunitiesHunter.swift in Sources */ = {isa = PBXBuildFile; fileRef = 61F6130E2B2EAC8D009485A5 /* OpportunitiesHunter.swift */; };
/* End PBXBuildFile section */

/* Begin PBXCopyFilesBuildPhase section */
		61A7539F2B2E6C3900540242 /* Embed Frameworks */ = {
			isa = PBXCopyFilesBuildPhase;
			buildActionMask = 2147483647;
			dstPath = "";
			dstSubfolderSpec = 10;
			files = (
				61B92B002B4126A500987305 /* OrcaEngine.framework in Embed Frameworks */,
				61A753C62B2E743B00540242 /* OhKit.framework in Embed Frameworks */,
				61A753EB2B2E768400540242 /* NetworkEngine.framework in Embed Frameworks */,
			);
			name = "Embed Frameworks";
			runOnlyForDeploymentPostprocessing = 0;
		};
/* End PBXCopyFilesBuildPhase section */

/* Begin PBXFileReference section */
		61A0C20F2B2FEC2200B02EE2 /* Poppins-BoldItalic.ttf */ = {isa = PBXFileReference; lastKnownFileType = file; path = "Poppins-BoldItalic.ttf"; sourceTree = "<group>"; };
		61A0C2102B2FEC2200B02EE2 /* Poppins-Bold.ttf */ = {isa = PBXFileReference; lastKnownFileType = file; path = "Poppins-Bold.ttf"; sourceTree = "<group>"; };
		61A0C2112B2FEC2200B02EE2 /* Poppins-Regular.ttf */ = {isa = PBXFileReference; lastKnownFileType = file; path = "Poppins-Regular.ttf"; sourceTree = "<group>"; };
		61A0C2122B2FEC2200B02EE2 /* Poppins-RegularItalic.ttf */ = {isa = PBXFileReference; lastKnownFileType = file; path = "Poppins-RegularItalic.ttf"; sourceTree = "<group>"; };
		61A0C2132B2FEC2200B02EE2 /* Poppins-SemiBold.ttf */ = {isa = PBXFileReference; lastKnownFileType = file; path = "Poppins-SemiBold.ttf"; sourceTree = "<group>"; };
		61A0C2142B2FEC2200B02EE2 /* Poppins-SemiBoldItalic.ttf */ = {isa = PBXFileReference; lastKnownFileType = file; path = "Poppins-SemiBoldItalic.ttf"; sourceTree = "<group>"; };
		61A2F00D2B29B7DD0016527D /* Opportunities Hunter.app */ = {isa = PBXFileReference; explicitFileType = wrapper.application; includeInIndex = 0; path = "Opportunities Hunter.app"; sourceTree = BUILT_PRODUCTS_DIR; };
		61A2F0102B29B7DD0016527D /* AppDelegate.swift */ = {isa = PBXFileReference; lastKnownFileType = sourcecode.swift; path = AppDelegate.swift; sourceTree = "<group>"; };
		61A2F0142B29B7E00016527D /* Assets.xcassets */ = {isa = PBXFileReference; lastKnownFileType = folder.assetcatalog; path = Assets.xcassets; sourceTree = "<group>"; };
		61A2F0192B29B7E00016527D /* Opportunities_Hunter.entitlements */ = {isa = PBXFileReference; lastKnownFileType = text.plist.entitlements; path = Opportunities_Hunter.entitlements; sourceTree = "<group>"; };
		61A753C22B2E743400540242 /* Info.plist */ = {isa = PBXFileReference; lastKnownFileType = text.plist.xml; name = Info.plist; path = "Opportunities Hunter/Application/Configuration/Info.plist"; sourceTree = SOURCE_ROOT; };
		61A753C42B2E743B00540242 /* OhKit.framework */ = {isa = PBXFileReference; explicitFileType = wrapper.framework; path = OhKit.framework; sourceTree = BUILT_PRODUCTS_DIR; };
		61A753E92B2E768400540242 /* NetworkEngine.framework */ = {isa = PBXFileReference; explicitFileType = wrapper.framework; path = NetworkEngine.framework; sourceTree = BUILT_PRODUCTS_DIR; };
		61A8BB2E2B3E7251009433E5 /* BotLoggerViewController.swift */ = {isa = PBXFileReference; lastKnownFileType = sourcecode.swift; path = BotLoggerViewController.swift; sourceTree = "<group>"; };
		61A8BB372B3EC58F009433E5 /* BotMessageModel.swift */ = {isa = PBXFileReference; lastKnownFileType = sourcecode.swift; path = BotMessageModel.swift; sourceTree = "<group>"; };
		61B92AFE2B4126A500987305 /* OrcaEngine.framework */ = {isa = PBXFileReference; explicitFileType = wrapper.framework; path = OrcaEngine.framework; sourceTree = BUILT_PRODUCTS_DIR; };
		61F6130E2B2EAC8D009485A5 /* OpportunitiesHunter.swift */ = {isa = PBXFileReference; lastKnownFileType = sourcecode.swift; path = OpportunitiesHunter.swift; sourceTree = "<group>"; };
/* End PBXFileReference section */

/* Begin PBXFrameworksBuildPhase section */
		61A2F00A2B29B7DD0016527D /* Frameworks */ = {
			isa = PBXFrameworksBuildPhase;
			buildActionMask = 2147483647;
			files = (
				61B92AFF2B4126A500987305 /* OrcaEngine.framework in Frameworks */,
				61A753C52B2E743B00540242 /* OhKit.framework in Frameworks */,
				61A753EA2B2E768400540242 /* NetworkEngine.framework in Frameworks */,
			);
			runOnlyForDeploymentPostprocessing = 0;
		};
/* End PBXFrameworksBuildPhase section */

/* Begin PBXGroup section */
		61A0C20E2B2FEC1600B02EE2 /* Fonts */ = {
			isa = PBXGroup;
			children = (
				61A0C2102B2FEC2200B02EE2 /* Poppins-Bold.ttf */,
				61A0C20F2B2FEC2200B02EE2 /* Poppins-BoldItalic.ttf */,
				61A0C2112B2FEC2200B02EE2 /* Poppins-Regular.ttf */,
				61A0C2122B2FEC2200B02EE2 /* Poppins-RegularItalic.ttf */,
				61A0C2132B2FEC2200B02EE2 /* Poppins-SemiBold.ttf */,
				61A0C2142B2FEC2200B02EE2 /* Poppins-SemiBoldItalic.ttf */,
			);
			path = Fonts;
			sourceTree = "<group>";
		};
		61A2F0042B29B7DD0016527D = {
			isa = PBXGroup;
			children = (
				61A753C32B2E743B00540242 /* Frameworks */,
				61A2F00F2B29B7DD0016527D /* Opportunities Hunter */,
				61A2F00E2B29B7DD0016527D /* Products */,
			);
			sourceTree = "<group>";
		};
		61A2F00E2B29B7DD0016527D /* Products */ = {
			isa = PBXGroup;
			children = (
				61A2F00D2B29B7DD0016527D /* Opportunities Hunter.app */,
			);
			name = Products;
			sourceTree = "<group>";
		};
		61A2F00F2B29B7DD0016527D /* Opportunities Hunter */ = {
			isa = PBXGroup;
			children = (
				61A753F12B2E79A900540242 /* Application */,
				61A753EF2B2E76DC00540242 /* Core */,
				61A753EE2B2E76C700540242 /* Data */,
				61A753ED2B2E76BB00540242 /* Domain */,
				61A753EC2B2E76AE00540242 /* Presentation */,
			);
			path = "Opportunities Hunter";
			sourceTree = "<group>";
		};
		61A753C32B2E743B00540242 /* Frameworks */ = {
			isa = PBXGroup;
			children = (
				61B92AFE2B4126A500987305 /* OrcaEngine.framework */,
				61A753E92B2E768400540242 /* NetworkEngine.framework */,
				61A753C42B2E743B00540242 /* OhKit.framework */,
			);
			name = Frameworks;
			sourceTree = "<group>";
		};
		61A753C92B2E74A600540242 /* Configuration */ = {
			isa = PBXGroup;
			children = (
				61A753C22B2E743400540242 /* Info.plist */,
				61A2F0192B29B7E00016527D /* Opportunities_Hunter.entitlements */,
			);
			path = Configuration;
			sourceTree = "<group>";
		};
		61A753CA2B2E74AA00540242 /* Delegates */ = {
			isa = PBXGroup;
			children = (
				61A2F0102B29B7DD0016527D /* AppDelegate.swift */,
				61F6130E2B2EAC8D009485A5 /* OpportunitiesHunter.swift */,
			);
			path = Delegates;
			sourceTree = "<group>";
		};
		61A753CB2B2E74D500540242 /* Resources */ = {
			isa = PBXGroup;
			children = (
				61A0C20E2B2FEC1600B02EE2 /* Fonts */,
				61A2F0142B29B7E00016527D /* Assets.xcassets */,
			);
			path = Resources;
			sourceTree = "<group>";
		};
		61A753CD2B2E74EA00540242 /* Modules */ = {
			isa = PBXGroup;
			children = (
				61A8BB2D2B3E7237009433E5 /* Bot Logger */,
			);
			path = Modules;
			sourceTree = "<group>";
		};
		61A753EC2B2E76AE00540242 /* Presentation */ = {
			isa = PBXGroup;
			children = (
				61A753CD2B2E74EA00540242 /* Modules */,
			);
			path = Presentation;
			sourceTree = "<group>";
		};
		61A753ED2B2E76BB00540242 /* Domain */ = {
			isa = PBXGroup;
			children = (
			);
			path = Domain;
			sourceTree = "<group>";
		};
		61A753EE2B2E76C700540242 /* Data */ = {
			isa = PBXGroup;
			children = (
			);
			path = Data;
			sourceTree = "<group>";
		};
		61A753EF2B2E76DC00540242 /* Core */ = {
			isa = PBXGroup;
			children = (
				61A8BB372B3EC58F009433E5 /* BotMessageModel.swift */,
			);
			path = Core;
			sourceTree = "<group>";
		};
		61A753F12B2E79A900540242 /* Application */ = {
			isa = PBXGroup;
			children = (
				61A753C92B2E74A600540242 /* Configuration */,
				61A753CA2B2E74AA00540242 /* Delegates */,
				61A753CB2B2E74D500540242 /* Resources */,
			);
			path = Application;
			sourceTree = "<group>";
		};
		61A8BB2D2B3E7237009433E5 /* Bot Logger */ = {
			isa = PBXGroup;
			children = (
				61A8BB362B3EB68F009433E5 /* Model */,
				61A8BB352B3E821A009433E5 /* View */,
			);
			path = "Bot Logger";
			sourceTree = "<group>";
		};
		61A8BB352B3E821A009433E5 /* View */ = {
			isa = PBXGroup;
			children = (
				61A8BB2E2B3E7251009433E5 /* BotLoggerViewController.swift */,
			);
			path = View;
			sourceTree = "<group>";
		};
		61A8BB362B3EB68F009433E5 /* Model */ = {
			isa = PBXGroup;
			children = (
			);
			path = Model;
			sourceTree = "<group>";
		};
/* End PBXGroup section */

/* Begin PBXNativeTarget section */
		61A2F00C2B29B7DD0016527D /* Opportunities Hunter */ = {
			isa = PBXNativeTarget;
			buildConfigurationList = 61A2F01C2B29B7E00016527D /* Build configuration list for PBXNativeTarget "Opportunities Hunter" */;
			buildPhases = (
				61A2F0092B29B7DD0016527D /* Sources */,
				61A2F00A2B29B7DD0016527D /* Frameworks */,
				61A2F00B2B29B7DD0016527D /* Resources */,
				61A7539F2B2E6C3900540242 /* Embed Frameworks */,
			);
			buildRules = (
			);
			dependencies = (
			);
			name = "Opportunities Hunter";
			productName = "Opportunities Hunter";
			productReference = 61A2F00D2B29B7DD0016527D /* Opportunities Hunter.app */;
			productType = "com.apple.product-type.application";
		};
/* End PBXNativeTarget section */

/* Begin PBXProject section */
		61A2F0052B29B7DD0016527D /* Project object */ = {
			isa = PBXProject;
			attributes = {
				BuildIndependentTargetsInParallel = 1;
				LastSwiftUpdateCheck = 1500;
				LastUpgradeCheck = 1510;
				TargetAttributes = {
					61A2F00C2B29B7DD0016527D = {
						CreatedOnToolsVersion = 15.0;
					};
				};
			};
			buildConfigurationList = 61A2F0082B29B7DD0016527D /* Build configuration list for PBXProject "Opportunities Hunter" */;
			compatibilityVersion = "Xcode 14.0";
			developmentRegion = en;
			hasScannedForEncodings = 0;
			knownRegions = (
				en,
				Base,
			);
			mainGroup = 61A2F0042B29B7DD0016527D;
			productRefGroup = 61A2F00E2B29B7DD0016527D /* Products */;
			projectDirPath = "";
			projectRoot = "";
			targets = (
				61A2F00C2B29B7DD0016527D /* Opportunities Hunter */,
			);
		};
/* End PBXProject section */

/* Begin PBXResourcesBuildPhase section */
		61A2F00B2B29B7DD0016527D /* Resources */ = {
			isa = PBXResourcesBuildPhase;
			buildActionMask = 2147483647;
			files = (
				61A0C2182B2FEC2300B02EE2 /* Poppins-RegularItalic.ttf in Resources */,
				61A2F0152B29B7E00016527D /* Assets.xcassets in Resources */,
				61A0C2162B2FEC2300B02EE2 /* Poppins-Bold.ttf in Resources */,
				61A0C21A2B2FEC2300B02EE2 /* Poppins-SemiBoldItalic.ttf in Resources */,
				61A0C2192B2FEC2300B02EE2 /* Poppins-SemiBold.ttf in Resources */,
				61A0C2152B2FEC2300B02EE2 /* Poppins-BoldItalic.ttf in Resources */,
				61A0C2172B2FEC2300B02EE2 /* Poppins-Regular.ttf in Resources */,
			);
			runOnlyForDeploymentPostprocessing = 0;
		};
/* End PBXResourcesBuildPhase section */

/* Begin PBXSourcesBuildPhase section */
		61A2F0092B29B7DD0016527D /* Sources */ = {
			isa = PBXSourcesBuildPhase;
			buildActionMask = 2147483647;
			files = (
				61A8BB2F2B3E7251009433E5 /* BotLoggerViewController.swift in Sources */,
				61F6130F2B2EAC8D009485A5 /* OpportunitiesHunter.swift in Sources */,
				61A2F0112B29B7DD0016527D /* AppDelegate.swift in Sources */,
				61A8BB382B3EC58F009433E5 /* BotMessageModel.swift in Sources */,
			);
			runOnlyForDeploymentPostprocessing = 0;
		};
/* End PBXSourcesBuildPhase section */

/* Begin XCBuildConfiguration section */
		61A2F01A2B29B7E00016527D /* Debug */ = {
			isa = XCBuildConfiguration;
			buildSettings = {
				ALWAYS_SEARCH_USER_PATHS = NO;
				ASSETCATALOG_COMPILER_GENERATE_SWIFT_ASSET_SYMBOL_EXTENSIONS = YES;
				CLANG_ANALYZER_NONNULL = YES;
				CLANG_ANALYZER_NUMBER_OBJECT_CONVERSION = YES_AGGRESSIVE;
				CLANG_CXX_LANGUAGE_STANDARD = "gnu++20";
				CLANG_ENABLE_MODULES = YES;
				CLANG_ENABLE_OBJC_ARC = YES;
				CLANG_ENABLE_OBJC_WEAK = YES;
				CLANG_WARN_BLOCK_CAPTURE_AUTORELEASING = YES;
				CLANG_WARN_BOOL_CONVERSION = YES;
				CLANG_WARN_COMMA = YES;
				CLANG_WARN_CONSTANT_CONVERSION = YES;
				CLANG_WARN_DEPRECATED_OBJC_IMPLEMENTATIONS = YES;
				CLANG_WARN_DIRECT_OBJC_ISA_USAGE = YES_ERROR;
				CLANG_WARN_DOCUMENTATION_COMMENTS = YES;
				CLANG_WARN_EMPTY_BODY = YES;
				CLANG_WARN_ENUM_CONVERSION = YES;
				CLANG_WARN_INFINITE_RECURSION = YES;
				CLANG_WARN_INT_CONVERSION = YES;
				CLANG_WARN_NON_LITERAL_NULL_CONVERSION = YES;
				CLANG_WARN_OBJC_IMPLICIT_RETAIN_SELF = YES;
				CLANG_WARN_OBJC_LITERAL_CONVERSION = YES;
				CLANG_WARN_OBJC_ROOT_CLASS = YES_ERROR;
				CLANG_WARN_QUOTED_INCLUDE_IN_FRAMEWORK_HEADER = YES;
				CLANG_WARN_RANGE_LOOP_ANALYSIS = YES;
				CLANG_WARN_STRICT_PROTOTYPES = YES;
				CLANG_WARN_SUSPICIOUS_MOVE = YES;
				CLANG_WARN_UNGUARDED_AVAILABILITY = YES_AGGRESSIVE;
				CLANG_WARN_UNREACHABLE_CODE = YES;
				CLANG_WARN__DUPLICATE_METHOD_MATCH = YES;
				COPY_PHASE_STRIP = NO;
				DEAD_CODE_STRIPPING = YES;
				DEBUG_INFORMATION_FORMAT = dwarf;
				ENABLE_STRICT_OBJC_MSGSEND = YES;
				ENABLE_TESTABILITY = YES;
				ENABLE_USER_SCRIPT_SANDBOXING = YES;
				GCC_C_LANGUAGE_STANDARD = gnu17;
				GCC_DYNAMIC_NO_PIC = NO;
				GCC_NO_COMMON_BLOCKS = YES;
				GCC_OPTIMIZATION_LEVEL = 0;
				GCC_PREPROCESSOR_DEFINITIONS = (
					"DEBUG=1",
					"$(inherited)",
				);
				GCC_WARN_64_TO_32_BIT_CONVERSION = YES;
				GCC_WARN_ABOUT_RETURN_TYPE = YES_ERROR;
				GCC_WARN_UNDECLARED_SELECTOR = YES;
				GCC_WARN_UNINITIALIZED_AUTOS = YES_AGGRESSIVE;
				GCC_WARN_UNUSED_FUNCTION = YES;
				GCC_WARN_UNUSED_VARIABLE = YES;
				LOCALIZATION_PREFERS_STRING_CATALOGS = YES;
				MACOSX_DEPLOYMENT_TARGET = 13.0;
				MTL_ENABLE_DEBUG_INFO = INCLUDE_SOURCE;
				MTL_FAST_MATH = YES;
				ONLY_ACTIVE_ARCH = YES;
				SDKROOT = macosx;
				SWIFT_ACTIVE_COMPILATION_CONDITIONS = "DEBUG $(inherited)";
				SWIFT_OPTIMIZATION_LEVEL = "-Onone";
			};
			name = Debug;
		};
		61A2F01B2B29B7E00016527D /* Release */ = {
			isa = XCBuildConfiguration;
			buildSettings = {
				ALWAYS_SEARCH_USER_PATHS = NO;
				ASSETCATALOG_COMPILER_GENERATE_SWIFT_ASSET_SYMBOL_EXTENSIONS = YES;
				CLANG_ANALYZER_NONNULL = YES;
				CLANG_ANALYZER_NUMBER_OBJECT_CONVERSION = YES_AGGRESSIVE;
				CLANG_CXX_LANGUAGE_STANDARD = "gnu++20";
				CLANG_ENABLE_MODULES = YES;
				CLANG_ENABLE_OBJC_ARC = YES;
				CLANG_ENABLE_OBJC_WEAK = YES;
				CLANG_WARN_BLOCK_CAPTURE_AUTORELEASING = YES;
				CLANG_WARN_BOOL_CONVERSION = YES;
				CLANG_WARN_COMMA = YES;
				CLANG_WARN_CONSTANT_CONVERSION = YES;
				CLANG_WARN_DEPRECATED_OBJC_IMPLEMENTATIONS = YES;
				CLANG_WARN_DIRECT_OBJC_ISA_USAGE = YES_ERROR;
				CLANG_WARN_DOCUMENTATION_COMMENTS = YES;
				CLANG_WARN_EMPTY_BODY = YES;
				CLANG_WARN_ENUM_CONVERSION = YES;
				CLANG_WARN_INFINITE_RECURSION = YES;
				CLANG_WARN_INT_CONVERSION = YES;
				CLANG_WARN_NON_LITERAL_NULL_CONVERSION = YES;
				CLANG_WARN_OBJC_IMPLICIT_RETAIN_SELF = YES;
				CLANG_WARN_OBJC_LITERAL_CONVERSION = YES;
				CLANG_WARN_OBJC_ROOT_CLASS = YES_ERROR;
				CLANG_WARN_QUOTED_INCLUDE_IN_FRAMEWORK_HEADER = YES;
				CLANG_WARN_RANGE_LOOP_ANALYSIS = YES;
				CLANG_WARN_STRICT_PROTOTYPES = YES;
				CLANG_WARN_SUSPICIOUS_MOVE = YES;
				CLANG_WARN_UNGUARDED_AVAILABILITY = YES_AGGRESSIVE;
				CLANG_WARN_UNREACHABLE_CODE = YES;
				CLANG_WARN__DUPLICATE_METHOD_MATCH = YES;
				COPY_PHASE_STRIP = NO;
				DEAD_CODE_STRIPPING = YES;
				DEBUG_INFORMATION_FORMAT = "dwarf-with-dsym";
				ENABLE_NS_ASSERTIONS = NO;
				ENABLE_STRICT_OBJC_MSGSEND = YES;
				ENABLE_USER_SCRIPT_SANDBOXING = YES;
				GCC_C_LANGUAGE_STANDARD = gnu17;
				GCC_NO_COMMON_BLOCKS = YES;
				GCC_WARN_64_TO_32_BIT_CONVERSION = YES;
				GCC_WARN_ABOUT_RETURN_TYPE = YES_ERROR;
				GCC_WARN_UNDECLARED_SELECTOR = YES;
				GCC_WARN_UNINITIALIZED_AUTOS = YES_AGGRESSIVE;
				GCC_WARN_UNUSED_FUNCTION = YES;
				GCC_WARN_UNUSED_VARIABLE = YES;
				LOCALIZATION_PREFERS_STRING_CATALOGS = YES;
				MACOSX_DEPLOYMENT_TARGET = 13.0;
				MTL_ENABLE_DEBUG_INFO = NO;
				MTL_FAST_MATH = YES;
				SDKROOT = macosx;
				SWIFT_COMPILATION_MODE = wholemodule;
			};
			name = Release;
		};
		61A2F01D2B29B7E00016527D /* Debug */ = {
			isa = XCBuildConfiguration;
			buildSettings = {
				ASSETCATALOG_COMPILER_APPICON_NAME = AppIcon;
				ASSETCATALOG_COMPILER_GLOBAL_ACCENT_COLOR_NAME = AccentColor;
				CODE_SIGN_ENTITLEMENTS = "Opportunities Hunter/Application/Configuration/Opportunities_Hunter.entitlements";
				CODE_SIGN_STYLE = Automatic;
				COMBINE_HIDPI_IMAGES = YES;
				CURRENT_PROJECT_VERSION = 1;
				DEAD_CODE_STRIPPING = YES;
				GENERATE_INFOPLIST_FILE = YES;
				INFOPLIST_FILE = "Opportunities Hunter/Application/Configuration/Info.plist";
				INFOPLIST_KEY_NSHumanReadableCopyright = "";
				INFOPLIST_KEY_NSPrincipalClass = NSApplication;
				LD_RUNPATH_SEARCH_PATHS = (
					"$(inherited)",
					"@executable_path/../Frameworks",
				);
				MACOSX_DEPLOYMENT_TARGET = 13.0;
				MARKETING_VERSION = 1.0;
				PRODUCT_BUNDLE_IDENTIFIER = "shadudiix.com.Opportunities-Hunter";
				PRODUCT_NAME = "$(TARGET_NAME)";
				SWIFT_EMIT_LOC_STRINGS = YES;
				SWIFT_VERSION = 5.0;
			};
			name = Debug;
		};
		61A2F01E2B29B7E00016527D /* Release */ = {
			isa = XCBuildConfiguration;
			buildSettings = {
				ASSETCATALOG_COMPILER_APPICON_NAME = AppIcon;
				ASSETCATALOG_COMPILER_GLOBAL_ACCENT_COLOR_NAME = AccentColor;
				CODE_SIGN_ENTITLEMENTS = "Opportunities Hunter/Application/Configuration/Opportunities_Hunter.entitlements";
				CODE_SIGN_STYLE = Automatic;
				COMBINE_HIDPI_IMAGES = YES;
				CURRENT_PROJECT_VERSION = 1;
				DEAD_CODE_STRIPPING = YES;
				GENERATE_INFOPLIST_FILE = YES;
				INFOPLIST_FILE = "Opportunities Hunter/Application/Configuration/Info.plist";
				INFOPLIST_KEY_NSHumanReadableCopyright = "";
				INFOPLIST_KEY_NSPrincipalClass = NSApplication;
				LD_RUNPATH_SEARCH_PATHS = (
					"$(inherited)",
					"@executable_path/../Frameworks",
				);
				MACOSX_DEPLOYMENT_TARGET = 13.0;
				MARKETING_VERSION = 1.0;
				PRODUCT_BUNDLE_IDENTIFIER = "shadudiix.com.Opportunities-Hunter";
				PRODUCT_NAME = "$(TARGET_NAME)";
				SWIFT_EMIT_LOC_STRINGS = YES;
				SWIFT_VERSION = 5.0;
			};
			name = Release;
		};
/* End XCBuildConfiguration section */

/* Begin XCConfigurationList section */
		61A2F0082B29B7DD0016527D /* Build configuration list for PBXProject "Opportunities Hunter" */ = {
			isa = XCConfigurationList;
			buildConfigurations = (
				61A2F01A2B29B7E00016527D /* Debug */,
				61A2F01B2B29B7E00016527D /* Release */,
			);
			defaultConfigurationIsVisible = 0;
			defaultConfigurationName = Release;
		};
		61A2F01C2B29B7E00016527D /* Build configuration list for PBXNativeTarget "Opportunities Hunter" */ = {
			isa = XCConfigurationList;
			buildConfigurations = (
				61A2F01D2B29B7E00016527D /* Debug */,
				61A2F01E2B29B7E00016527D /* Release */,
			);
			defaultConfigurationIsVisible = 0;
			defaultConfigurationName = Release;
		};
/* End XCConfigurationList section */
	};
	rootObject = 61A2F0052B29B7DD0016527D /* Project object */;
}
