// !$*UTF8*$!
{
	archiveVersion = 1;
	classes = {
	};
	objectVersion = 56;
	objects = {

/* Begin PBXBuildFile section */
		61035DA62B43BA3E004B2A3B /* OrcaKeyword.swift in Sources */ = {isa = PBXBuildFile; fileRef = 61035DA52B43BA3E004B2A3B /* OrcaKeyword.swift */; };
		612C02052B523162008C4222 /* String+Ext.swift in Sources */ = {isa = PBXBuildFile; fileRef = 612C02042B523162008C4222 /* String+Ext.swift */; };
		619E7CDE2B4525EC0067421F /* SQLite in Frameworks */ = {isa = PBXBuildFile; productRef = 619E7CDD2B4525EC0067421F /* SQLite */; };
		619E7CE02B455F750067421F /* OrcaOpportunity.swift in Sources */ = {isa = PBXBuildFile; fileRef = 619E7CDF2B455F750067421F /* OrcaOpportunity.swift */; };
		61B92AE82B40E56100987305 /* OrcaEngine.docc in Sources */ = {isa = PBXBuildFile; fileRef = 61B92AE72B40E56100987305 /* OrcaEngine.docc */; };
		61B92AE92B40E56100987305 /* OrcaEngine.h in Headers */ = {isa = PBXBuildFile; fileRef = 61B92AE62B40E56100987305 /* OrcaEngine.h */; settings = {ATTRIBUTES = (Public, ); }; };
		61B92AFA2B41217C00987305 /* OrcaModel.swift in Sources */ = {isa = PBXBuildFile; fileRef = 61B92AF92B41217C00987305 /* OrcaModel.swift */; };
		61B92B062B413F7900987305 /* OrcaEngine.swift in Sources */ = {isa = PBXBuildFile; fileRef = 61B92B052B413F7900987305 /* OrcaEngine.swift */; };
		61B92B0B2B415A5200987305 /* MachineLearningEngine.swift in Sources */ = {isa = PBXBuildFile; fileRef = 61B92B0A2B415A5200987305 /* MachineLearningEngine.swift */; };
		61B92B0F2B415AEA00987305 /* URL+Ext.swift in Sources */ = {isa = PBXBuildFile; fileRef = 61B92B0E2B415AEA00987305 /* URL+Ext.swift */; };
		61B92B4E2B41600700987305 /* Utilities.framework in Frameworks */ = {isa = PBXBuildFile; fileRef = 61B92B4D2B41600700987305 /* Utilities.framework */; };
		61B92B4F2B41600700987305 /* Utilities.framework in Embed Frameworks */ = {isa = PBXBuildFile; fileRef = 61B92B4D2B41600700987305 /* Utilities.framework */; settings = {ATTRIBUTES = (CodeSignOnCopy, RemoveHeadersOnCopy, ); }; };
		61B937112B69292000BFF2CB /* DatabaseProtocols.swift in Sources */ = {isa = PBXBuildFile; fileRef = 61B937102B69292000BFF2CB /* DatabaseProtocols.swift */; };
		61B937132B69293D00BFF2CB /* SQLiteDatabaseProxy.swift in Sources */ = {isa = PBXBuildFile; fileRef = 61B937122B69293D00BFF2CB /* SQLiteDatabaseProxy.swift */; };
		61B9371B2B69592A00BFF2CB /* NLPService.swift in Sources */ = {isa = PBXBuildFile; fileRef = 61B9371A2B69592A00BFF2CB /* NLPService.swift */; };
/* End PBXBuildFile section */

/* Begin PBXCopyFilesBuildPhase section */
		61B92B502B41600700987305 /* Embed Frameworks */ = {
			isa = PBXCopyFilesBuildPhase;
			buildActionMask = 2147483647;
			dstPath = "";
			dstSubfolderSpec = 10;
			files = (
				61B92B4F2B41600700987305 /* Utilities.framework in Embed Frameworks */,
			);
			name = "Embed Frameworks";
			runOnlyForDeploymentPostprocessing = 0;
		};
/* End PBXCopyFilesBuildPhase section */

/* Begin PBXFileReference section */
		61035DA52B43BA3E004B2A3B /* OrcaKeyword.swift */ = {isa = PBXFileReference; lastKnownFileType = sourcecode.swift; path = OrcaKeyword.swift; sourceTree = "<group>"; };
		612C02042B523162008C4222 /* String+Ext.swift */ = {isa = PBXFileReference; lastKnownFileType = sourcecode.swift; path = "String+Ext.swift"; sourceTree = "<group>"; };
		619E7CDF2B455F750067421F /* OrcaOpportunity.swift */ = {isa = PBXFileReference; lastKnownFileType = sourcecode.swift; path = OrcaOpportunity.swift; sourceTree = "<group>"; };
		61B92AE32B40E56100987305 /* OrcaEngine.framework */ = {isa = PBXFileReference; explicitFileType = wrapper.framework; includeInIndex = 0; path = OrcaEngine.framework; sourceTree = BUILT_PRODUCTS_DIR; };
		61B92AE62B40E56100987305 /* OrcaEngine.h */ = {isa = PBXFileReference; lastKnownFileType = sourcecode.c.h; path = OrcaEngine.h; sourceTree = "<group>"; };
		61B92AE72B40E56100987305 /* OrcaEngine.docc */ = {isa = PBXFileReference; lastKnownFileType = folder.documentationcatalog; path = OrcaEngine.docc; sourceTree = "<group>"; };
		61B92AF92B41217C00987305 /* OrcaModel.swift */ = {isa = PBXFileReference; lastKnownFileType = sourcecode.swift; path = OrcaModel.swift; sourceTree = "<group>"; };
		61B92B052B413F7900987305 /* OrcaEngine.swift */ = {isa = PBXFileReference; lastKnownFileType = sourcecode.swift; path = OrcaEngine.swift; sourceTree = "<group>"; };
		61B92B0A2B415A5200987305 /* MachineLearningEngine.swift */ = {isa = PBXFileReference; lastKnownFileType = sourcecode.swift; path = MachineLearningEngine.swift; sourceTree = "<group>"; };
		61B92B0E2B415AEA00987305 /* URL+Ext.swift */ = {isa = PBXFileReference; lastKnownFileType = sourcecode.swift; path = "URL+Ext.swift"; sourceTree = "<group>"; };
		61B92B4D2B41600700987305 /* Utilities.framework */ = {isa = PBXFileReference; explicitFileType = wrapper.framework; path = Utilities.framework; sourceTree = BUILT_PRODUCTS_DIR; };
		61B937102B69292000BFF2CB /* DatabaseProtocols.swift */ = {isa = PBXFileReference; lastKnownFileType = sourcecode.swift; path = DatabaseProtocols.swift; sourceTree = "<group>"; };
		61B937122B69293D00BFF2CB /* SQLiteDatabaseProxy.swift */ = {isa = PBXFileReference; lastKnownFileType = sourcecode.swift; path = SQLiteDatabaseProxy.swift; sourceTree = "<group>"; };
		61B9371A2B69592A00BFF2CB /* NLPService.swift */ = {isa = PBXFileReference; lastKnownFileType = sourcecode.swift; path = NLPService.swift; sourceTree = "<group>"; };
/* End PBXFileReference section */

/* Begin PBXFrameworksBuildPhase section */
		61B92AE02B40E56100987305 /* Frameworks */ = {
			isa = PBXFrameworksBuildPhase;
			buildActionMask = 2147483647;
			files = (
				619E7CDE2B4525EC0067421F /* SQLite in Frameworks */,
				61B92B4E2B41600700987305 /* Utilities.framework in Frameworks */,
			);
			runOnlyForDeploymentPostprocessing = 0;
		};
/* End PBXFrameworksBuildPhase section */

/* Begin PBXGroup section */
		61B92AD92B40E56100987305 = {
			isa = PBXGroup;
			children = (
				61B92AE52B40E56100987305 /* OrcaEngine */,
				61B92AE42B40E56100987305 /* Products */,
				61B92B4C2B41600600987305 /* Frameworks */,
			);
			sourceTree = "<group>";
		};
		61B92AE42B40E56100987305 /* Products */ = {
			isa = PBXGroup;
			children = (
				61B92AE32B40E56100987305 /* OrcaEngine.framework */,
			);
			name = Products;
			sourceTree = "<group>";
		};
		61B92AE52B40E56100987305 /* OrcaEngine */ = {
			isa = PBXGroup;
			children = (
				61B92AF02B40E58100987305 /* Base */,
				61B92AEF2B40E57600987305 /* Configuration */,
				61B92AFB2B41229600987305 /* Core */,
				61B9370F2B69290E00BFF2CB /* Database */,
				61B92B042B413B1600987305 /* Engine */,
			);
			path = OrcaEngine;
			sourceTree = "<group>";
		};
		61B92AEF2B40E57600987305 /* Configuration */ = {
			isa = PBXGroup;
			children = (
				61B92AE62B40E56100987305 /* OrcaEngine.h */,
			);
			path = Configuration;
			sourceTree = "<group>";
		};
		61B92AF02B40E58100987305 /* Base */ = {
			isa = PBXGroup;
			children = (
				61B92AF92B41217C00987305 /* OrcaModel.swift */,
				61035DA52B43BA3E004B2A3B /* OrcaKeyword.swift */,
				619E7CDF2B455F750067421F /* OrcaOpportunity.swift */,
			);
			path = Base;
			sourceTree = "<group>";
		};
		61B92AFB2B41229600987305 /* Core */ = {
			isa = PBXGroup;
			children = (
				61B92B0E2B415AEA00987305 /* URL+Ext.swift */,
				612C02042B523162008C4222 /* String+Ext.swift */,
			);
			path = Core;
			sourceTree = "<group>";
		};
		61B92B042B413B1600987305 /* Engine */ = {
			isa = PBXGroup;
			children = (
				61B92AE72B40E56100987305 /* OrcaEngine.docc */,
				61B92B052B413F7900987305 /* OrcaEngine.swift */,
				61B937192B69592200BFF2CB /* Services */,
			);
			path = Engine;
			sourceTree = "<group>";
		};
		61B92B4C2B41600600987305 /* Frameworks */ = {
			isa = PBXGroup;
			children = (
				61B92B4D2B41600700987305 /* Utilities.framework */,
			);
			name = Frameworks;
			sourceTree = "<group>";
		};
		61B9370F2B69290E00BFF2CB /* Database */ = {
			isa = PBXGroup;
			children = (
				61B937102B69292000BFF2CB /* DatabaseProtocols.swift */,
				61B937122B69293D00BFF2CB /* SQLiteDatabaseProxy.swift */,
			);
			path = Database;
			sourceTree = "<group>";
		};
		61B937192B69592200BFF2CB /* Services */ = {
			isa = PBXGroup;
			children = (
				61B92B0A2B415A5200987305 /* MachineLearningEngine.swift */,
				61B9371A2B69592A00BFF2CB /* NLPService.swift */,
			);
			path = Services;
			sourceTree = "<group>";
		};
/* End PBXGroup section */

/* Begin PBXHeadersBuildPhase section */
		61B92ADE2B40E56100987305 /* Headers */ = {
			isa = PBXHeadersBuildPhase;
			buildActionMask = 2147483647;
			files = (
				61B92AE92B40E56100987305 /* OrcaEngine.h in Headers */,
			);
			runOnlyForDeploymentPostprocessing = 0;
		};
/* End PBXHeadersBuildPhase section */

/* Begin PBXNativeTarget section */
		61B92AE22B40E56100987305 /* OrcaEngine */ = {
			isa = PBXNativeTarget;
			buildConfigurationList = 61B92AEC2B40E56100987305 /* Build configuration list for PBXNativeTarget "OrcaEngine" */;
			buildPhases = (
				61B92ADE2B40E56100987305 /* Headers */,
				61B92ADF2B40E56100987305 /* Sources */,
				61B92AE02B40E56100987305 /* Frameworks */,
				61B92AE12B40E56100987305 /* Resources */,
				61B92B502B41600700987305 /* Embed Frameworks */,
			);
			buildRules = (
			);
			dependencies = (
			);
			name = OrcaEngine;
			packageProductDependencies = (
				619E7CDD2B4525EC0067421F /* SQLite */,
			);
			productName = OrcaEngine;
			productReference = 61B92AE32B40E56100987305 /* OrcaEngine.framework */;
			productType = "com.apple.product-type.framework";
		};
/* End PBXNativeTarget section */

/* Begin PBXProject section */
		61B92ADA2B40E56100987305 /* Project object */ = {
			isa = PBXProject;
			attributes = {
				BuildIndependentTargetsInParallel = 1;
				LastUpgradeCheck = 1510;
				TargetAttributes = {
					61B92AE22B40E56100987305 = {
						CreatedOnToolsVersion = 15.1;
					};
				};
			};
			buildConfigurationList = 61B92ADD2B40E56100987305 /* Build configuration list for PBXProject "OrcaEngine" */;
			compatibilityVersion = "Xcode 14.0";
			developmentRegion = en;
			hasScannedForEncodings = 0;
			knownRegions = (
				en,
				Base,
			);
			mainGroup = 61B92AD92B40E56100987305;
			packageReferences = (
				619E7CDC2B4525EC0067421F /* XCRemoteSwiftPackageReference "SQLite.swift" */,
			);
			productRefGroup = 61B92AE42B40E56100987305 /* Products */;
			projectDirPath = "";
			projectRoot = "";
			targets = (
				61B92AE22B40E56100987305 /* OrcaEngine */,
			);
		};
/* End PBXProject section */

/* Begin PBXResourcesBuildPhase section */
		61B92AE12B40E56100987305 /* Resources */ = {
			isa = PBXResourcesBuildPhase;
			buildActionMask = 2147483647;
			files = (
			);
			runOnlyForDeploymentPostprocessing = 0;
		};
/* End PBXResourcesBuildPhase section */

/* Begin PBXSourcesBuildPhase section */
		61B92ADF2B40E56100987305 /* Sources */ = {
			isa = PBXSourcesBuildPhase;
			buildActionMask = 2147483647;
			files = (
				61B92AFA2B41217C00987305 /* OrcaModel.swift in Sources */,
				61B92B0B2B415A5200987305 /* MachineLearningEngine.swift in Sources */,
				61B92AE82B40E56100987305 /* OrcaEngine.docc in Sources */,
				61B9371B2B69592A00BFF2CB /* NLPService.swift in Sources */,
				619E7CE02B455F750067421F /* OrcaOpportunity.swift in Sources */,
				61B92B062B413F7900987305 /* OrcaEngine.swift in Sources */,
				61035DA62B43BA3E004B2A3B /* OrcaKeyword.swift in Sources */,
				61B937112B69292000BFF2CB /* DatabaseProtocols.swift in Sources */,
				61B937132B69293D00BFF2CB /* SQLiteDatabaseProxy.swift in Sources */,
				61B92B0F2B415AEA00987305 /* URL+Ext.swift in Sources */,
				612C02052B523162008C4222 /* String+Ext.swift in Sources */,
			);
			runOnlyForDeploymentPostprocessing = 0;
		};
/* End PBXSourcesBuildPhase section */

/* Begin XCBuildConfiguration section */
		61B92AEA2B40E56100987305 /* Debug */ = {
			isa = XCBuildConfiguration;
			buildSettings = {
				ALWAYS_SEARCH_USER_PATHS = NO;
				ASSETCATALOG_COMPILER_GENERATE_SWIFT_ASSET_SYMBOL_EXTENSIONS = YES;
				CLANG_ANALYZER_NONNULL = YES;
				CLANG_ANALYZER_NUMBER_OBJECT_CONVERSION = YES_AGGRESSIVE;
				CLANG_CXX_LANGUAGE_STANDARD = "gnu++20";
				CLANG_ENABLE_MODULES = YES;
				CLANG_ENABLE_OBJC_ARC = YES;
				CLANG_ENABLE_OBJC_WEAK = YES;
				CLANG_WARN_BLOCK_CAPTURE_AUTORELEASING = YES;
				CLANG_WARN_BOOL_CONVERSION = YES;
				CLANG_WARN_COMMA = YES;
				CLANG_WARN_CONSTANT_CONVERSION = YES;
				CLANG_WARN_DEPRECATED_OBJC_IMPLEMENTATIONS = YES;
				CLANG_WARN_DIRECT_OBJC_ISA_USAGE = YES_ERROR;
				CLANG_WARN_DOCUMENTATION_COMMENTS = YES;
				CLANG_WARN_EMPTY_BODY = YES;
				CLANG_WARN_ENUM_CONVERSION = YES;
				CLANG_WARN_INFINITE_RECURSION = YES;
				CLANG_WARN_INT_CONVERSION = YES;
				CLANG_WARN_NON_LITERAL_NULL_CONVERSION = YES;
				CLANG_WARN_OBJC_IMPLICIT_RETAIN_SELF = YES;
				CLANG_WARN_OBJC_LITERAL_CONVERSION = YES;
				CLANG_WARN_OBJC_ROOT_CLASS = YES_ERROR;
				CLANG_WARN_QUOTED_INCLUDE_IN_FRAMEWORK_HEADER = YES;
				CLANG_WARN_RANGE_LOOP_ANALYSIS = YES;
				CLANG_WARN_STRICT_PROTOTYPES = YES;
				CLANG_WARN_SUSPICIOUS_MOVE = YES;
				CLANG_WARN_UNGUARDED_AVAILABILITY = YES_AGGRESSIVE;
				CLANG_WARN_UNREACHABLE_CODE = YES;
				CLANG_WARN__DUPLICATE_METHOD_MATCH = YES;
				COPY_PHASE_STRIP = NO;
				CURRENT_PROJECT_VERSION = 1;
				DEBUG_INFORMATION_FORMAT = dwarf;
				ENABLE_STRICT_OBJC_MSGSEND = YES;
				ENABLE_TESTABILITY = YES;
				ENABLE_USER_SCRIPT_SANDBOXING = YES;
				GCC_C_LANGUAGE_STANDARD = gnu17;
				GCC_DYNAMIC_NO_PIC = NO;
				GCC_NO_COMMON_BLOCKS = YES;
				GCC_OPTIMIZATION_LEVEL = 0;
				GCC_PREPROCESSOR_DEFINITIONS = (
					"DEBUG=1",
					"$(inherited)",
				);
				GCC_WARN_64_TO_32_BIT_CONVERSION = YES;
				GCC_WARN_ABOUT_RETURN_TYPE = YES_ERROR;
				GCC_WARN_UNDECLARED_SELECTOR = YES;
				GCC_WARN_UNINITIALIZED_AUTOS = YES_AGGRESSIVE;
				GCC_WARN_UNUSED_FUNCTION = YES;
				GCC_WARN_UNUSED_VARIABLE = YES;
				LOCALIZATION_PREFERS_STRING_CATALOGS = YES;
				MACOSX_DEPLOYMENT_TARGET = 13.0;
				MTL_ENABLE_DEBUG_INFO = INCLUDE_SOURCE;
				MTL_FAST_MATH = YES;
				ONLY_ACTIVE_ARCH = YES;
				SDKROOT = macosx;
				SWIFT_ACTIVE_COMPILATION_CONDITIONS = "DEBUG $(inherited)";
				SWIFT_OPTIMIZATION_LEVEL = "-Onone";
				VERSIONING_SYSTEM = "apple-generic";
				VERSION_INFO_PREFIX = "";
			};
			name = Debug;
		};
		61B92AEB2B40E56100987305 /* Release */ = {
			isa = XCBuildConfiguration;
			buildSettings = {
				ALWAYS_SEARCH_USER_PATHS = NO;
				ASSETCATALOG_COMPILER_GENERATE_SWIFT_ASSET_SYMBOL_EXTENSIONS = YES;
				CLANG_ANALYZER_NONNULL = YES;
				CLANG_ANALYZER_NUMBER_OBJECT_CONVERSION = YES_AGGRESSIVE;
				CLANG_CXX_LANGUAGE_STANDARD = "gnu++20";
				CLANG_ENABLE_MODULES = YES;
				CLANG_ENABLE_OBJC_ARC = YES;
				CLANG_ENABLE_OBJC_WEAK = YES;
				CLANG_WARN_BLOCK_CAPTURE_AUTORELEASING = YES;
				CLANG_WARN_BOOL_CONVERSION = YES;
				CLANG_WARN_COMMA = YES;
				CLANG_WARN_CONSTANT_CONVERSION = YES;
				CLANG_WARN_DEPRECATED_OBJC_IMPLEMENTATIONS = YES;
				CLANG_WARN_DIRECT_OBJC_ISA_USAGE = YES_ERROR;
				CLANG_WARN_DOCUMENTATION_COMMENTS = YES;
				CLANG_WARN_EMPTY_BODY = YES;
				CLANG_WARN_ENUM_CONVERSION = YES;
				CLANG_WARN_INFINITE_RECURSION = YES;
				CLANG_WARN_INT_CONVERSION = YES;
				CLANG_WARN_NON_LITERAL_NULL_CONVERSION = YES;
				CLANG_WARN_OBJC_IMPLICIT_RETAIN_SELF = YES;
				CLANG_WARN_OBJC_LITERAL_CONVERSION = YES;
				CLANG_WARN_OBJC_ROOT_CLASS = YES_ERROR;
				CLANG_WARN_QUOTED_INCLUDE_IN_FRAMEWORK_HEADER = YES;
				CLANG_WARN_RANGE_LOOP_ANALYSIS = YES;
				CLANG_WARN_STRICT_PROTOTYPES = YES;
				CLANG_WARN_SUSPICIOUS_MOVE = YES;
				CLANG_WARN_UNGUARDED_AVAILABILITY = YES_AGGRESSIVE;
				CLANG_WARN_UNREACHABLE_CODE = YES;
				CLANG_WARN__DUPLICATE_METHOD_MATCH = YES;
				COPY_PHASE_STRIP = NO;
				CURRENT_PROJECT_VERSION = 1;
				DEBUG_INFORMATION_FORMAT = "dwarf-with-dsym";
				ENABLE_NS_ASSERTIONS = NO;
				ENABLE_STRICT_OBJC_MSGSEND = YES;
				ENABLE_USER_SCRIPT_SANDBOXING = YES;
				GCC_C_LANGUAGE_STANDARD = gnu17;
				GCC_NO_COMMON_BLOCKS = YES;
				GCC_WARN_64_TO_32_BIT_CONVERSION = YES;
				GCC_WARN_ABOUT_RETURN_TYPE = YES_ERROR;
				GCC_WARN_UNDECLARED_SELECTOR = YES;
				GCC_WARN_UNINITIALIZED_AUTOS = YES_AGGRESSIVE;
				GCC_WARN_UNUSED_FUNCTION = YES;
				GCC_WARN_UNUSED_VARIABLE = YES;
				LOCALIZATION_PREFERS_STRING_CATALOGS = YES;
				MACOSX_DEPLOYMENT_TARGET = 13.0;
				MTL_ENABLE_DEBUG_INFO = NO;
				MTL_FAST_MATH = YES;
				SDKROOT = macosx;
				SWIFT_COMPILATION_MODE = wholemodule;
				VERSIONING_SYSTEM = "apple-generic";
				VERSION_INFO_PREFIX = "";
			};
			name = Release;
		};
		61B92AED2B40E56100987305 /* Debug */ = {
			isa = XCBuildConfiguration;
			buildSettings = {
				CODE_SIGN_STYLE = Automatic;
				COMBINE_HIDPI_IMAGES = YES;
				CURRENT_PROJECT_VERSION = 1;
				DEFINES_MODULE = YES;
				DEVELOPMENT_TEAM = Y7A8MFWTQP;
				DYLIB_COMPATIBILITY_VERSION = 1;
				DYLIB_CURRENT_VERSION = 1;
				DYLIB_INSTALL_NAME_BASE = "@rpath";
				ENABLE_MODULE_VERIFIER = YES;
				GENERATE_INFOPLIST_FILE = YES;
				INFOPLIST_KEY_NSHumanReadableCopyright = "";
				INSTALL_PATH = "$(LOCAL_LIBRARY_DIR)/Frameworks";
				LD_RUNPATH_SEARCH_PATHS = (
					"$(inherited)",
					"@executable_path/../Frameworks",
					"@loader_path/Frameworks",
				);
				MACOSX_DEPLOYMENT_TARGET = 13.0;
				MARKETING_VERSION = 1.0;
				MODULE_VERIFIER_SUPPORTED_LANGUAGES = "objective-c objective-c++";
				MODULE_VERIFIER_SUPPORTED_LANGUAGE_STANDARDS = "gnu17 gnu++20";
				PRODUCT_BUNDLE_IDENTIFIER = shadudiix.com.OrcaEngine;
				PRODUCT_NAME = "$(TARGET_NAME:c99extidentifier)";
				SKIP_INSTALL = YES;
				SWIFT_EMIT_LOC_STRINGS = YES;
				SWIFT_VERSION = 5.0;
			};
			name = Debug;
		};
		61B92AEE2B40E56100987305 /* Release */ = {
			isa = XCBuildConfiguration;
			buildSettings = {
				CODE_SIGN_STYLE = Automatic;
				COMBINE_HIDPI_IMAGES = YES;
				CURRENT_PROJECT_VERSION = 1;
				DEFINES_MODULE = YES;
				DEVELOPMENT_TEAM = Y7A8MFWTQP;
				DYLIB_COMPATIBILITY_VERSION = 1;
				DYLIB_CURRENT_VERSION = 1;
				DYLIB_INSTALL_NAME_BASE = "@rpath";
				ENABLE_MODULE_VERIFIER = YES;
				GENERATE_INFOPLIST_FILE = YES;
				INFOPLIST_KEY_NSHumanReadableCopyright = "";
				INSTALL_PATH = "$(LOCAL_LIBRARY_DIR)/Frameworks";
				LD_RUNPATH_SEARCH_PATHS = (
					"$(inherited)",
					"@executable_path/../Frameworks",
					"@loader_path/Frameworks",
				);
				MACOSX_DEPLOYMENT_TARGET = 13.0;
				MARKETING_VERSION = 1.0;
				MODULE_VERIFIER_SUPPORTED_LANGUAGES = "objective-c objective-c++";
				MODULE_VERIFIER_SUPPORTED_LANGUAGE_STANDARDS = "gnu17 gnu++20";
				PRODUCT_BUNDLE_IDENTIFIER = shadudiix.com.OrcaEngine;
				PRODUCT_NAME = "$(TARGET_NAME:c99extidentifier)";
				SKIP_INSTALL = YES;
				SWIFT_EMIT_LOC_STRINGS = YES;
				SWIFT_VERSION = 5.0;
			};
			name = Release;
		};
/* End XCBuildConfiguration section */

/* Begin XCConfigurationList section */
		61B92ADD2B40E56100987305 /* Build configuration list for PBXProject "OrcaEngine" */ = {
			isa = XCConfigurationList;
			buildConfigurations = (
				61B92AEA2B40E56100987305 /* Debug */,
				61B92AEB2B40E56100987305 /* Release */,
			);
			defaultConfigurationIsVisible = 0;
			defaultConfigurationName = Release;
		};
		61B92AEC2B40E56100987305 /* Build configuration list for PBXNativeTarget "OrcaEngine" */ = {
			isa = XCConfigurationList;
			buildConfigurations = (
				61B92AED2B40E56100987305 /* Debug */,
				61B92AEE2B40E56100987305 /* Release */,
			);
			defaultConfigurationIsVisible = 0;
			defaultConfigurationName = Release;
		};
/* End XCConfigurationList section */

/* Begin XCRemoteSwiftPackageReference section */
		619E7CDC2B4525EC0067421F /* XCRemoteSwiftPackageReference "SQLite.swift" */ = {
			isa = XCRemoteSwiftPackageReference;
			repositoryURL = "https://github.com/stephencelis/SQLite.swift.git";
			requirement = {
				kind = upToNextMajorVersion;
				minimumVersion = 0.14.1;
			};
		};
/* End XCRemoteSwiftPackageReference section */

/* Begin XCSwiftPackageProductDependency section */
		619E7CDD2B4525EC0067421F /* SQLite */ = {
			isa = XCSwiftPackageProductDependency;
			package = 619E7CDC2B4525EC0067421F /* XCRemoteSwiftPackageReference "SQLite.swift" */;
			productName = SQLite;
		};
/* End XCSwiftPackageProductDependency section */
	};
	rootObject = 61B92ADA2B40E56100987305 /* Project object */;
}
